// !$*UTF8*$!
{
	archiveVersion = 1;
	classes = {
	};
	objectVersion = 56;
	objects = {

/* Begin PBXBuildFile section */
		E739F3162C3EEBE7006184CD /* AppDelegate.swift in Sources */ = {isa = PBXBuildFile; fileRef = E739F3152C3EEBE7006184CD /* AppDelegate.swift */; };
		E739F3182C3EEBE7006184CD /* SceneDelegate.swift in Sources */ = {isa = PBXBuildFile; fileRef = E739F3172C3EEBE7006184CD /* SceneDelegate.swift */; };
		E739F31A2C3EEBE7006184CD /* ImagesListViewController.swift in Sources */ = {isa = PBXBuildFile; fileRef = E739F3192C3EEBE7006184CD /* ImagesListViewController.swift */; };
		E739F31D2C3EEBE7006184CD /* Base in Resources */ = {isa = PBXBuildFile; fileRef = E739F31C2C3EEBE7006184CD /* Base */; };
		E739F31F2C3EEBE8006184CD /* Assets.xcassets in Resources */ = {isa = PBXBuildFile; fileRef = E739F31E2C3EEBE8006184CD /* Assets.xcassets */; };
		E739F3222C3EEBE8006184CD /* Base in Resources */ = {isa = PBXBuildFile; fileRef = E739F3212C3EEBE8006184CD /* Base */; };
		E739F32C2C3EFE0F006184CD /* LaunchScreen.storyboard in Resources */ = {isa = PBXBuildFile; fileRef = E739F3202C3EEBE8006184CD /* LaunchScreen.storyboard */; };
		E73F0DC32C412AB60085F3FE /* ProfileViewController.swift in Sources */ = {isa = PBXBuildFile; fileRef = E73F0DC22C412AB60085F3FE /* ProfileViewController.swift */; };
		E73F0DC62C4149310085F3FE /* SingleImageViewController.swift in Sources */ = {isa = PBXBuildFile; fileRef = E73F0DC52C4149310085F3FE /* SingleImageViewController.swift */; };
		E73F0DC82C42E9670085F3FE /* Constants.swift in Sources */ = {isa = PBXBuildFile; fileRef = E73F0DC72C42E9670085F3FE /* Constants.swift */; };
		E73F0DCB2C441D240085F3FE /* AuthViewController.swift in Sources */ = {isa = PBXBuildFile; fileRef = E73F0DCA2C441D240085F3FE /* AuthViewController.swift */; };
		E73F0DCD2C442ED30085F3FE /* WebViewViewController.swift in Sources */ = {isa = PBXBuildFile; fileRef = E73F0DCC2C442ED30085F3FE /* WebViewViewController.swift */; };
		E73F0DD02C443C140085F3FE /* WebViewViewControllerDelegate.swift in Sources */ = {isa = PBXBuildFile; fileRef = E73F0DCF2C443C140085F3FE /* WebViewViewControllerDelegate.swift */; };
		E73F0DD32C4510660085F3FE /* OAuth2Service.swift in Sources */ = {isa = PBXBuildFile; fileRef = E73F0DD22C4510660085F3FE /* OAuth2Service.swift */; };
		E73F0DD52C4512DC0085F3FE /* URLSession+data.swift in Sources */ = {isa = PBXBuildFile; fileRef = E73F0DD42C4512DC0085F3FE /* URLSession+data.swift */; };
		E73F0DD72C4514240085F3FE /* OAuthTokenResponseBody.swift in Sources */ = {isa = PBXBuildFile; fileRef = E73F0DD62C4514240085F3FE /* OAuthTokenResponseBody.swift */; };
		E73F0DDA2C45176F0085F3FE /* OAuth2TokenStorage.swift in Sources */ = {isa = PBXBuildFile; fileRef = E73F0DD92C45176F0085F3FE /* OAuth2TokenStorage.swift */; };
		E73F0DDD2C453A500085F3FE /* SplashViewController.swift in Sources */ = {isa = PBXBuildFile; fileRef = E73F0DDC2C453A500085F3FE /* SplashViewController.swift */; };
		E73F0DDF2C453FF90085F3FE /* AuthViewControllerDelegate.swift in Sources */ = {isa = PBXBuildFile; fileRef = E73F0DDE2C453FF90085F3FE /* AuthViewControllerDelegate.swift */; };
		E73F0DE22C4681840085F3FE /* ProgressHUD in Frameworks */ = {isa = PBXBuildFile; productRef = E73F0DE12C4681840085F3FE /* ProgressHUD */; };
		E73F0DE52C46A1010085F3FE /* UIBlockingProgressHUD.swift in Sources */ = {isa = PBXBuildFile; fileRef = E73F0DE42C46A1010085F3FE /* UIBlockingProgressHUD.swift */; };
		E73F0DE82C46AA3E0085F3FE /* ProfileService.swift in Sources */ = {isa = PBXBuildFile; fileRef = E73F0DE72C46AA3E0085F3FE /* ProfileService.swift */; };
		E73F0DEB2C46AA9E0085F3FE /* ProfileResult.swift in Sources */ = {isa = PBXBuildFile; fileRef = E73F0DEA2C46AA9E0085F3FE /* ProfileResult.swift */; };
		E73F0DED2C46AC2A0085F3FE /* Profile.swift in Sources */ = {isa = PBXBuildFile; fileRef = E73F0DEC2C46AC2A0085F3FE /* Profile.swift */; };
		E73F0DEF2C46BFDD0085F3FE /* ProfileImage.swift in Sources */ = {isa = PBXBuildFile; fileRef = E73F0DEE2C46BFDD0085F3FE /* ProfileImage.swift */; };
		E73F0DF12C47D7C90085F3FE /* ProfileImageService.swift in Sources */ = {isa = PBXBuildFile; fileRef = E73F0DF02C47D7C90085F3FE /* ProfileImageService.swift */; };
		E74633372C3F00970073B16F /* UIColor+Extensions.swift in Sources */ = {isa = PBXBuildFile; fileRef = E74633362C3F00970073B16F /* UIColor+Extensions.swift */; };
		E746335B2C4013B30073B16F /* ImagesListCell.swift in Sources */ = {isa = PBXBuildFile; fileRef = E746335A2C4013B30073B16F /* ImagesListCell.swift */; };
		E77981152C47F6E200E06F13 /* AlertPresenter.swift in Sources */ = {isa = PBXBuildFile; fileRef = E77981142C47F6E200E06F13 /* AlertPresenter.swift */; };
		E77981182C47F73900E06F13 /* AlertModel.swift in Sources */ = {isa = PBXBuildFile; fileRef = E77981172C47F73900E06F13 /* AlertModel.swift */; };
		E779811B2C47F78500E06F13 /* AlertPresenterDelegate.swift in Sources */ = {isa = PBXBuildFile; fileRef = E779811A2C47F78500E06F13 /* AlertPresenterDelegate.swift */; };
		E779811E2C47F7C900E06F13 /* AlertPresenterProtocol.swift in Sources */ = {isa = PBXBuildFile; fileRef = E779811D2C47F7C900E06F13 /* AlertPresenterProtocol.swift */; };
		E77981212C4801A400E06F13 /* Kingfisher in Frameworks */ = {isa = PBXBuildFile; productRef = E77981202C4801A400E06F13 /* Kingfisher */; };
		E77981242C48401A00E06F13 /* SwiftKeychainWrapper in Frameworks */ = {isa = PBXBuildFile; productRef = E77981232C48401A00E06F13 /* SwiftKeychainWrapper */; };
		E77981292C4905B600E06F13 /* TabBarController.swift in Sources */ = {isa = PBXBuildFile; fileRef = E77981282C4905B600E06F13 /* TabBarController.swift */; };
		E779812C2C49279800E06F13 /* ImagesListService.swift in Sources */ = {isa = PBXBuildFile; fileRef = E779812B2C49279800E06F13 /* ImagesListService.swift */; };
		E779812F2C4927FF00E06F13 /* Photo.swift in Sources */ = {isa = PBXBuildFile; fileRef = E779812E2C4927FF00E06F13 /* Photo.swift */; };
		E77981312C4929D500E06F13 /* PhotoResult.swift in Sources */ = {isa = PBXBuildFile; fileRef = E77981302C4929D500E06F13 /* PhotoResult.swift */; };
		E77981332C492A2400E06F13 /* UrlsResult.swift in Sources */ = {isa = PBXBuildFile; fileRef = E77981322C492A2400E06F13 /* UrlsResult.swift */; };
		E779813B2C49383F00E06F13 /* ImageFeedTests.swift in Sources */ = {isa = PBXBuildFile; fileRef = E779813A2C49383F00E06F13 /* ImageFeedTests.swift */; };
		E77981442C4938F700E06F13 /* ImagesListServiceTest.swift in Sources */ = {isa = PBXBuildFile; fileRef = E77981432C4938F700E06F13 /* ImagesListServiceTest.swift */; };
		E77981472C4A6ADC00E06F13 /* ImagesListCellDelegate.swift in Sources */ = {isa = PBXBuildFile; fileRef = E77981462C4A6ADC00E06F13 /* ImagesListCellDelegate.swift */; };
		E77981492C4A7B2E00E06F13 /* ProfileLogoutService.swift in Sources */ = {isa = PBXBuildFile; fileRef = E77981482C4A7B2E00E06F13 /* ProfileLogoutService.swift */; };
/* End PBXBuildFile section */

/* Begin PBXContainerItemProxy section */
		E779813C2C49383F00E06F13 /* PBXContainerItemProxy */ = {
			isa = PBXContainerItemProxy;
			containerPortal = E739F30A2C3EEBE7006184CD /* Project object */;
			proxyType = 1;
			remoteGlobalIDString = E739F3112C3EEBE7006184CD;
			remoteInfo = ImageFeed;
		};
/* End PBXContainerItemProxy section */

/* Begin PBXFileReference section */
		E739F3122C3EEBE7006184CD /* ImageFeed.app */ = {isa = PBXFileReference; explicitFileType = wrapper.application; includeInIndex = 0; path = ImageFeed.app; sourceTree = BUILT_PRODUCTS_DIR; };
		E739F3152C3EEBE7006184CD /* AppDelegate.swift */ = {isa = PBXFileReference; lastKnownFileType = sourcecode.swift; path = AppDelegate.swift; sourceTree = "<group>"; };
		E739F3172C3EEBE7006184CD /* SceneDelegate.swift */ = {isa = PBXFileReference; lastKnownFileType = sourcecode.swift; path = SceneDelegate.swift; sourceTree = "<group>"; };
		E739F3192C3EEBE7006184CD /* ImagesListViewController.swift */ = {isa = PBXFileReference; lastKnownFileType = sourcecode.swift; path = ImagesListViewController.swift; sourceTree = "<group>"; };
		E739F31C2C3EEBE7006184CD /* Base */ = {isa = PBXFileReference; lastKnownFileType = file.storyboard; name = Base; path = Base.lproj/Main.storyboard; sourceTree = "<group>"; };
		E739F31E2C3EEBE8006184CD /* Assets.xcassets */ = {isa = PBXFileReference; lastKnownFileType = folder.assetcatalog; path = Assets.xcassets; sourceTree = "<group>"; };
		E739F3212C3EEBE8006184CD /* Base */ = {isa = PBXFileReference; lastKnownFileType = file.storyboard; name = Base; path = Base.lproj/LaunchScreen.storyboard; sourceTree = "<group>"; };
		E739F3232C3EEBE8006184CD /* Info.plist */ = {isa = PBXFileReference; lastKnownFileType = text.plist.xml; path = Info.plist; sourceTree = "<group>"; };
		E73F0DC22C412AB60085F3FE /* ProfileViewController.swift */ = {isa = PBXFileReference; lastKnownFileType = sourcecode.swift; path = ProfileViewController.swift; sourceTree = "<group>"; };
		E73F0DC52C4149310085F3FE /* SingleImageViewController.swift */ = {isa = PBXFileReference; lastKnownFileType = sourcecode.swift; path = SingleImageViewController.swift; sourceTree = "<group>"; };
		E73F0DC72C42E9670085F3FE /* Constants.swift */ = {isa = PBXFileReference; lastKnownFileType = sourcecode.swift; path = Constants.swift; sourceTree = "<group>"; };
		E73F0DCA2C441D240085F3FE /* AuthViewController.swift */ = {isa = PBXFileReference; lastKnownFileType = sourcecode.swift; path = AuthViewController.swift; sourceTree = "<group>"; };
		E73F0DCC2C442ED30085F3FE /* WebViewViewController.swift */ = {isa = PBXFileReference; lastKnownFileType = sourcecode.swift; path = WebViewViewController.swift; sourceTree = "<group>"; };
		E73F0DCF2C443C140085F3FE /* WebViewViewControllerDelegate.swift */ = {isa = PBXFileReference; lastKnownFileType = sourcecode.swift; path = WebViewViewControllerDelegate.swift; sourceTree = "<group>"; };
		E73F0DD22C4510660085F3FE /* OAuth2Service.swift */ = {isa = PBXFileReference; lastKnownFileType = sourcecode.swift; path = OAuth2Service.swift; sourceTree = "<group>"; };
		E73F0DD42C4512DC0085F3FE /* URLSession+data.swift */ = {isa = PBXFileReference; lastKnownFileType = sourcecode.swift; path = "URLSession+data.swift"; sourceTree = "<group>"; };
		E73F0DD62C4514240085F3FE /* OAuthTokenResponseBody.swift */ = {isa = PBXFileReference; lastKnownFileType = sourcecode.swift; path = OAuthTokenResponseBody.swift; sourceTree = "<group>"; };
		E73F0DD92C45176F0085F3FE /* OAuth2TokenStorage.swift */ = {isa = PBXFileReference; lastKnownFileType = sourcecode.swift; path = OAuth2TokenStorage.swift; sourceTree = "<group>"; };
		E73F0DDC2C453A500085F3FE /* SplashViewController.swift */ = {isa = PBXFileReference; lastKnownFileType = sourcecode.swift; path = SplashViewController.swift; sourceTree = "<group>"; };
		E73F0DDE2C453FF90085F3FE /* AuthViewControllerDelegate.swift */ = {isa = PBXFileReference; lastKnownFileType = sourcecode.swift; path = AuthViewControllerDelegate.swift; sourceTree = "<group>"; };
		E73F0DE42C46A1010085F3FE /* UIBlockingProgressHUD.swift */ = {isa = PBXFileReference; lastKnownFileType = sourcecode.swift; path = UIBlockingProgressHUD.swift; sourceTree = "<group>"; };
		E73F0DE72C46AA3E0085F3FE /* ProfileService.swift */ = {isa = PBXFileReference; lastKnownFileType = sourcecode.swift; path = ProfileService.swift; sourceTree = "<group>"; };
		E73F0DEA2C46AA9E0085F3FE /* ProfileResult.swift */ = {isa = PBXFileReference; lastKnownFileType = sourcecode.swift; path = ProfileResult.swift; sourceTree = "<group>"; };
		E73F0DEC2C46AC2A0085F3FE /* Profile.swift */ = {isa = PBXFileReference; lastKnownFileType = sourcecode.swift; path = Profile.swift; sourceTree = "<group>"; };
		E73F0DEE2C46BFDD0085F3FE /* ProfileImage.swift */ = {isa = PBXFileReference; lastKnownFileType = sourcecode.swift; path = ProfileImage.swift; sourceTree = "<group>"; };
		E73F0DF02C47D7C90085F3FE /* ProfileImageService.swift */ = {isa = PBXFileReference; lastKnownFileType = sourcecode.swift; path = ProfileImageService.swift; sourceTree = "<group>"; };
		E74633362C3F00970073B16F /* UIColor+Extensions.swift */ = {isa = PBXFileReference; lastKnownFileType = sourcecode.swift; path = "UIColor+Extensions.swift"; sourceTree = "<group>"; };
		E746335A2C4013B30073B16F /* ImagesListCell.swift */ = {isa = PBXFileReference; lastKnownFileType = sourcecode.swift; path = ImagesListCell.swift; sourceTree = "<group>"; };
		E77981142C47F6E200E06F13 /* AlertPresenter.swift */ = {isa = PBXFileReference; lastKnownFileType = sourcecode.swift; path = AlertPresenter.swift; sourceTree = "<group>"; };
		E77981172C47F73900E06F13 /* AlertModel.swift */ = {isa = PBXFileReference; lastKnownFileType = sourcecode.swift; path = AlertModel.swift; sourceTree = "<group>"; };
		E779811A2C47F78500E06F13 /* AlertPresenterDelegate.swift */ = {isa = PBXFileReference; lastKnownFileType = sourcecode.swift; path = AlertPresenterDelegate.swift; sourceTree = "<group>"; };
		E779811D2C47F7C900E06F13 /* AlertPresenterProtocol.swift */ = {isa = PBXFileReference; lastKnownFileType = sourcecode.swift; path = AlertPresenterProtocol.swift; sourceTree = "<group>"; };
		E77981282C4905B600E06F13 /* TabBarController.swift */ = {isa = PBXFileReference; lastKnownFileType = sourcecode.swift; path = TabBarController.swift; sourceTree = "<group>"; };
		E779812B2C49279800E06F13 /* ImagesListService.swift */ = {isa = PBXFileReference; lastKnownFileType = sourcecode.swift; path = ImagesListService.swift; sourceTree = "<group>"; };
		E779812E2C4927FF00E06F13 /* Photo.swift */ = {isa = PBXFileReference; lastKnownFileType = sourcecode.swift; path = Photo.swift; sourceTree = "<group>"; };
		E77981302C4929D500E06F13 /* PhotoResult.swift */ = {isa = PBXFileReference; lastKnownFileType = sourcecode.swift; path = PhotoResult.swift; sourceTree = "<group>"; };
		E77981322C492A2400E06F13 /* UrlsResult.swift */ = {isa = PBXFileReference; lastKnownFileType = sourcecode.swift; path = UrlsResult.swift; sourceTree = "<group>"; };
		E77981382C49383F00E06F13 /* ImageFeedTests.xctest */ = {isa = PBXFileReference; explicitFileType = wrapper.cfbundle; includeInIndex = 0; path = ImageFeedTests.xctest; sourceTree = BUILT_PRODUCTS_DIR; };
		E779813A2C49383F00E06F13 /* ImageFeedTests.swift */ = {isa = PBXFileReference; lastKnownFileType = sourcecode.swift; path = ImageFeedTests.swift; sourceTree = "<group>"; };
		E77981432C4938F700E06F13 /* ImagesListServiceTest.swift */ = {isa = PBXFileReference; lastKnownFileType = sourcecode.swift; path = ImagesListServiceTest.swift; sourceTree = "<group>"; };
		E77981462C4A6ADC00E06F13 /* ImagesListCellDelegate.swift */ = {isa = PBXFileReference; lastKnownFileType = sourcecode.swift; path = ImagesListCellDelegate.swift; sourceTree = "<group>"; };
		E77981482C4A7B2E00E06F13 /* ProfileLogoutService.swift */ = {isa = PBXFileReference; lastKnownFileType = sourcecode.swift; path = ProfileLogoutService.swift; sourceTree = "<group>"; };
/* End PBXFileReference section */

/* Begin PBXFrameworksBuildPhase section */
		E739F30F2C3EEBE7006184CD /* Frameworks */ = {
			isa = PBXFrameworksBuildPhase;
			buildActionMask = 2147483647;
			files = (
				E77981212C4801A400E06F13 /* Kingfisher in Frameworks */,
				E73F0DE22C4681840085F3FE /* ProgressHUD in Frameworks */,
				E77981242C48401A00E06F13 /* SwiftKeychainWrapper in Frameworks */,
			);
			runOnlyForDeploymentPostprocessing = 0;
		};
		E77981352C49383F00E06F13 /* Frameworks */ = {
			isa = PBXFrameworksBuildPhase;
			buildActionMask = 2147483647;
			files = (
			);
			runOnlyForDeploymentPostprocessing = 0;
		};
/* End PBXFrameworksBuildPhase section */

/* Begin PBXGroup section */
		E739F3092C3EEBE7006184CD = {
			isa = PBXGroup;
			children = (
				E739F3142C3EEBE7006184CD /* ImageFeed */,
				E77981392C49383F00E06F13 /* ImageFeedTests */,
				E739F3132C3EEBE7006184CD /* Products */,
			);
			sourceTree = "<group>";
		};
		E739F3132C3EEBE7006184CD /* Products */ = {
			isa = PBXGroup;
			children = (
				E739F3122C3EEBE7006184CD /* ImageFeed.app */,
				E77981382C49383F00E06F13 /* ImageFeedTests.xctest */,
			);
			name = Products;
			sourceTree = "<group>";
		};
		E739F3142C3EEBE7006184CD /* ImageFeed */ = {
			isa = PBXGroup;
			children = (
				E77981272C4905AA00E06F13 /* TabBar */,
				E73F0DE32C46A0F40085F3FE /* ProgressHUB */,
				E73F0DDB2C453A480085F3FE /* Splash */,
				E73F0DC92C441D1A0085F3FE /* Auth */,
				E73F0DC42C4149270085F3FE /* Image */,
				E73F0DC12C412AAA0085F3FE /* Profile */,
				E74633592C40139F0073B16F /* ImagesList */,
				E74633352C3F00840073B16F /* Helpers */,
				E74633582C400C5A0073B16F /* Presenter */,
				E739F3292C3EF923006184CD /* Resources */,
				E739F3152C3EEBE7006184CD /* AppDelegate.swift */,
				E739F3172C3EEBE7006184CD /* SceneDelegate.swift */,
				E739F31B2C3EEBE7006184CD /* Main.storyboard */,
			);
			path = ImageFeed;
			sourceTree = "<group>";
		};
		E739F3292C3EF923006184CD /* Resources */ = {
			isa = PBXGroup;
			children = (
				E739F32A2C3EF941006184CD /* Fonts */,
				E739F3202C3EEBE8006184CD /* LaunchScreen.storyboard */,
				E739F31E2C3EEBE8006184CD /* Assets.xcassets */,
				E739F3232C3EEBE8006184CD /* Info.plist */,
			);
			path = Resources;
			sourceTree = "<group>";
		};
		E739F32A2C3EF941006184CD /* Fonts */ = {
			isa = PBXGroup;
			children = (
			);
			path = Fonts;
			sourceTree = "<group>";
		};
		E73F0DC12C412AAA0085F3FE /* Profile */ = {
			isa = PBXGroup;
			children = (
				E73F0DE92C46AA830085F3FE /* Structure */,
				E73F0DE62C46AA320085F3FE /* Service */,
				E73F0DC22C412AB60085F3FE /* ProfileViewController.swift */,
			);
			path = Profile;
			sourceTree = "<group>";
		};
		E73F0DC42C4149270085F3FE /* Image */ = {
			isa = PBXGroup;
			children = (
				E73F0DC52C4149310085F3FE /* SingleImageViewController.swift */,
			);
			path = Image;
			sourceTree = "<group>";
		};
		E73F0DC92C441D1A0085F3FE /* Auth */ = {
			isa = PBXGroup;
			children = (
				E73F0DD82C4514360085F3FE /* Structure */,
				E73F0DD12C4510570085F3FE /* Sevice */,
				E73F0DCE2C443C060085F3FE /* Delegate */,
				E73F0DCA2C441D240085F3FE /* AuthViewController.swift */,
				E73F0DCC2C442ED30085F3FE /* WebViewViewController.swift */,
			);
			path = Auth;
			sourceTree = "<group>";
		};
		E73F0DCE2C443C060085F3FE /* Delegate */ = {
			isa = PBXGroup;
			children = (
				E73F0DCF2C443C140085F3FE /* WebViewViewControllerDelegate.swift */,
				E73F0DDE2C453FF90085F3FE /* AuthViewControllerDelegate.swift */,
			);
			path = Delegate;
			sourceTree = "<group>";
		};
		E73F0DD12C4510570085F3FE /* Sevice */ = {
			isa = PBXGroup;
			children = (
				E73F0DD22C4510660085F3FE /* OAuth2Service.swift */,
				E73F0DD92C45176F0085F3FE /* OAuth2TokenStorage.swift */,
			);
			path = Sevice;
			sourceTree = "<group>";
		};
		E73F0DD82C4514360085F3FE /* Structure */ = {
			isa = PBXGroup;
			children = (
				E73F0DD62C4514240085F3FE /* OAuthTokenResponseBody.swift */,
			);
			path = Structure;
			sourceTree = "<group>";
		};
		E73F0DDB2C453A480085F3FE /* Splash */ = {
			isa = PBXGroup;
			children = (
				E73F0DDC2C453A500085F3FE /* SplashViewController.swift */,
			);
			path = Splash;
			sourceTree = "<group>";
		};
		E73F0DE32C46A0F40085F3FE /* ProgressHUB */ = {
			isa = PBXGroup;
			children = (
				E73F0DE42C46A1010085F3FE /* UIBlockingProgressHUD.swift */,
			);
			path = ProgressHUB;
			sourceTree = "<group>";
		};
		E73F0DE62C46AA320085F3FE /* Service */ = {
			isa = PBXGroup;
			children = (
				E73F0DE72C46AA3E0085F3FE /* ProfileService.swift */,
				E73F0DF02C47D7C90085F3FE /* ProfileImageService.swift */,
				E77981482C4A7B2E00E06F13 /* ProfileLogoutService.swift */,
			);
			path = Service;
			sourceTree = "<group>";
		};
		E73F0DE92C46AA830085F3FE /* Structure */ = {
			isa = PBXGroup;
			children = (
				E73F0DEA2C46AA9E0085F3FE /* ProfileResult.swift */,
				E73F0DEC2C46AC2A0085F3FE /* Profile.swift */,
				E73F0DEE2C46BFDD0085F3FE /* ProfileImage.swift */,
			);
			path = Structure;
			sourceTree = "<group>";
		};
		E74633352C3F00840073B16F /* Helpers */ = {
			isa = PBXGroup;
			children = (
				E74633362C3F00970073B16F /* UIColor+Extensions.swift */,
				E73F0DC72C42E9670085F3FE /* Constants.swift */,
				E73F0DD42C4512DC0085F3FE /* URLSession+data.swift */,
			);
			path = Helpers;
			sourceTree = "<group>";
		};
		E74633582C400C5A0073B16F /* Presenter */ = {
			isa = PBXGroup;
			children = (
				E779811C2C47F7AA00E06F13 /* Protocol */,
				E77981192C47F77B00E06F13 /* Delegate */,
				E77981162C47F72B00E06F13 /* Structure */,
				E77981142C47F6E200E06F13 /* AlertPresenter.swift */,
			);
			path = Presenter;
			sourceTree = "<group>";
		};
		E74633592C40139F0073B16F /* ImagesList */ = {
			isa = PBXGroup;
			children = (
				E77981452C4A6AC300E06F13 /* Delegate */,
				E779812D2C4927F700E06F13 /* Structure */,
				E779812A2C49278700E06F13 /* Services */,
				E739F3192C3EEBE7006184CD /* ImagesListViewController.swift */,
				E746335A2C4013B30073B16F /* ImagesListCell.swift */,
			);
			path = ImagesList;
			sourceTree = "<group>";
		};
		E77981162C47F72B00E06F13 /* Structure */ = {
			isa = PBXGroup;
			children = (
				E77981172C47F73900E06F13 /* AlertModel.swift */,
			);
			path = Structure;
			sourceTree = "<group>";
		};
		E77981192C47F77B00E06F13 /* Delegate */ = {
			isa = PBXGroup;
			children = (
				E779811A2C47F78500E06F13 /* AlertPresenterDelegate.swift */,
			);
			path = Delegate;
			sourceTree = "<group>";
		};
		E779811C2C47F7AA00E06F13 /* Protocol */ = {
			isa = PBXGroup;
			children = (
				E779811D2C47F7C900E06F13 /* AlertPresenterProtocol.swift */,
			);
			path = Protocol;
			sourceTree = "<group>";
		};
		E77981272C4905AA00E06F13 /* TabBar */ = {
			isa = PBXGroup;
			children = (
				E77981282C4905B600E06F13 /* TabBarController.swift */,
			);
			path = TabBar;
			sourceTree = "<group>";
		};
		E779812A2C49278700E06F13 /* Services */ = {
			isa = PBXGroup;
			children = (
				E779812B2C49279800E06F13 /* ImagesListService.swift */,
			);
			path = Services;
			sourceTree = "<group>";
		};
		E779812D2C4927F700E06F13 /* Structure */ = {
			isa = PBXGroup;
			children = (
				E779812E2C4927FF00E06F13 /* Photo.swift */,
				E77981302C4929D500E06F13 /* PhotoResult.swift */,
				E77981322C492A2400E06F13 /* UrlsResult.swift */,
			);
			path = Structure;
			sourceTree = "<group>";
		};
		E77981392C49383F00E06F13 /* ImageFeedTests */ = {
			isa = PBXGroup;
			children = (
				E77981412C4938BA00E06F13 /* ImagesList */,
				E779813A2C49383F00E06F13 /* ImageFeedTests.swift */,
			);
			path = ImageFeedTests;
			sourceTree = "<group>";
		};
		E77981412C4938BA00E06F13 /* ImagesList */ = {
			isa = PBXGroup;
			children = (
				E77981422C4938D100E06F13 /* Services */,
			);
			path = ImagesList;
			sourceTree = "<group>";
		};
		E77981422C4938D100E06F13 /* Services */ = {
			isa = PBXGroup;
			children = (
				E77981432C4938F700E06F13 /* ImagesListServiceTest.swift */,
			);
			path = Services;
			sourceTree = "<group>";
		};
		E77981452C4A6AC300E06F13 /* Delegate */ = {
			isa = PBXGroup;
			children = (
				E77981462C4A6ADC00E06F13 /* ImagesListCellDelegate.swift */,
			);
			path = Delegate;
			sourceTree = "<group>";
		};
/* End PBXGroup section */

/* Begin PBXNativeTarget section */
		E739F3112C3EEBE7006184CD /* ImageFeed */ = {
			isa = PBXNativeTarget;
			buildConfigurationList = E739F3262C3EEBE8006184CD /* Build configuration list for PBXNativeTarget "ImageFeed" */;
			buildPhases = (
				E739F30E2C3EEBE7006184CD /* Sources */,
				E739F30F2C3EEBE7006184CD /* Frameworks */,
				E739F3102C3EEBE7006184CD /* Resources */,
			);
			buildRules = (
			);
			dependencies = (
			);
			name = ImageFeed;
			packageProductDependencies = (
				E73F0DE12C4681840085F3FE /* ProgressHUD */,
				E77981202C4801A400E06F13 /* Kingfisher */,
				E77981232C48401A00E06F13 /* SwiftKeychainWrapper */,
			);
			productName = ImageFeed;
			productReference = E739F3122C3EEBE7006184CD /* ImageFeed.app */;
			productType = "com.apple.product-type.application";
		};
		E77981372C49383F00E06F13 /* ImageFeedTests */ = {
			isa = PBXNativeTarget;
			buildConfigurationList = E779813E2C49383F00E06F13 /* Build configuration list for PBXNativeTarget "ImageFeedTests" */;
			buildPhases = (
				E77981342C49383F00E06F13 /* Sources */,
				E77981352C49383F00E06F13 /* Frameworks */,
				E77981362C49383F00E06F13 /* Resources */,
			);
			buildRules = (
			);
			dependencies = (
				E779813D2C49383F00E06F13 /* PBXTargetDependency */,
			);
			name = ImageFeedTests;
			productName = ImageFeedTests;
			productReference = E77981382C49383F00E06F13 /* ImageFeedTests.xctest */;
			productType = "com.apple.product-type.bundle.unit-test";
		};
/* End PBXNativeTarget section */

/* Begin PBXProject section */
		E739F30A2C3EEBE7006184CD /* Project object */ = {
			isa = PBXProject;
			attributes = {
				BuildIndependentTargetsInParallel = 1;
				LastSwiftUpdateCheck = 1540;
				LastUpgradeCheck = 1540;
				TargetAttributes = {
					E739F3112C3EEBE7006184CD = {
						CreatedOnToolsVersion = 15.4;
					};
					E77981372C49383F00E06F13 = {
						CreatedOnToolsVersion = 15.4;
						TestTargetID = E739F3112C3EEBE7006184CD;
					};
				};
			};
			buildConfigurationList = E739F30D2C3EEBE7006184CD /* Build configuration list for PBXProject "ImageFeed" */;
			compatibilityVersion = "Xcode 14.0";
			developmentRegion = en;
			hasScannedForEncodings = 0;
			knownRegions = (
				en,
				Base,
			);
			mainGroup = E739F3092C3EEBE7006184CD;
			packageReferences = (
				E73F0DE02C4681840085F3FE /* XCRemoteSwiftPackageReference "ProgressHUD" */,
				E779811F2C4801A400E06F13 /* XCRemoteSwiftPackageReference "Kingfisher" */,
				E77981222C48401A00E06F13 /* XCRemoteSwiftPackageReference "SwiftKeychainWrapper" */,
			);
			productRefGroup = E739F3132C3EEBE7006184CD /* Products */;
			projectDirPath = "";
			projectRoot = "";
			targets = (
				E739F3112C3EEBE7006184CD /* ImageFeed */,
				E77981372C49383F00E06F13 /* ImageFeedTests */,
			);
		};
/* End PBXProject section */

/* Begin PBXResourcesBuildPhase section */
		E739F3102C3EEBE7006184CD /* Resources */ = {
			isa = PBXResourcesBuildPhase;
			buildActionMask = 2147483647;
			files = (
				E739F31F2C3EEBE8006184CD /* Assets.xcassets in Resources */,
				E739F32C2C3EFE0F006184CD /* LaunchScreen.storyboard in Resources */,
				E739F3222C3EEBE8006184CD /* Base in Resources */,
				E739F31D2C3EEBE7006184CD /* Base in Resources */,
			);
			runOnlyForDeploymentPostprocessing = 0;
		};
		E77981362C49383F00E06F13 /* Resources */ = {
			isa = PBXResourcesBuildPhase;
			buildActionMask = 2147483647;
			files = (
			);
			runOnlyForDeploymentPostprocessing = 0;
		};
/* End PBXResourcesBuildPhase section */

/* Begin PBXSourcesBuildPhase section */
		E739F30E2C3EEBE7006184CD /* Sources */ = {
			isa = PBXSourcesBuildPhase;
			buildActionMask = 2147483647;
			files = (
				E73F0DCD2C442ED30085F3FE /* WebViewViewController.swift in Sources */,
				E73F0DD52C4512DC0085F3FE /* URLSession+data.swift in Sources */,
				E73F0DC32C412AB60085F3FE /* ProfileViewController.swift in Sources */,
				E73F0DD32C4510660085F3FE /* OAuth2Service.swift in Sources */,
				E739F31A2C3EEBE7006184CD /* ImagesListViewController.swift in Sources */,
				E739F3162C3EEBE7006184CD /* AppDelegate.swift in Sources */,
				E73F0DC62C4149310085F3FE /* SingleImageViewController.swift in Sources */,
				E73F0DDF2C453FF90085F3FE /* AuthViewControllerDelegate.swift in Sources */,
				E77981182C47F73900E06F13 /* AlertModel.swift in Sources */,
				E746335B2C4013B30073B16F /* ImagesListCell.swift in Sources */,
				E739F3182C3EEBE7006184CD /* SceneDelegate.swift in Sources */,
				E73F0DD02C443C140085F3FE /* WebViewViewControllerDelegate.swift in Sources */,
				E73F0DF12C47D7C90085F3FE /* ProfileImageService.swift in Sources */,
				E73F0DD72C4514240085F3FE /* OAuthTokenResponseBody.swift in Sources */,
				E74633372C3F00970073B16F /* UIColor+Extensions.swift in Sources */,
				E77981312C4929D500E06F13 /* PhotoResult.swift in Sources */,
				E77981332C492A2400E06F13 /* UrlsResult.swift in Sources */,
				E73F0DDA2C45176F0085F3FE /* OAuth2TokenStorage.swift in Sources */,
				E779811B2C47F78500E06F13 /* AlertPresenterDelegate.swift in Sources */,
				E779812C2C49279800E06F13 /* ImagesListService.swift in Sources */,
				E73F0DE82C46AA3E0085F3FE /* ProfileService.swift in Sources */,
				E73F0DCB2C441D240085F3FE /* AuthViewController.swift in Sources */,
				E73F0DC82C42E9670085F3FE /* Constants.swift in Sources */,
				E73F0DDD2C453A500085F3FE /* SplashViewController.swift in Sources */,
				E73F0DEB2C46AA9E0085F3FE /* ProfileResult.swift in Sources */,
				E779811E2C47F7C900E06F13 /* AlertPresenterProtocol.swift in Sources */,
				E779812F2C4927FF00E06F13 /* Photo.swift in Sources */,
				E77981492C4A7B2E00E06F13 /* ProfileLogoutService.swift in Sources */,
				E73F0DEF2C46BFDD0085F3FE /* ProfileImage.swift in Sources */,
				E73F0DED2C46AC2A0085F3FE /* Profile.swift in Sources */,
				E77981472C4A6ADC00E06F13 /* ImagesListCellDelegate.swift in Sources */,
				E77981292C4905B600E06F13 /* TabBarController.swift in Sources */,
				E73F0DE52C46A1010085F3FE /* UIBlockingProgressHUD.swift in Sources */,
				E77981152C47F6E200E06F13 /* AlertPresenter.swift in Sources */,
			);
			runOnlyForDeploymentPostprocessing = 0;
		};
		E77981342C49383F00E06F13 /* Sources */ = {
			isa = PBXSourcesBuildPhase;
			buildActionMask = 2147483647;
			files = (
				E779813B2C49383F00E06F13 /* ImageFeedTests.swift in Sources */,
				E77981442C4938F700E06F13 /* ImagesListServiceTest.swift in Sources */,
			);
			runOnlyForDeploymentPostprocessing = 0;
		};
/* End PBXSourcesBuildPhase section */

/* Begin PBXTargetDependency section */
		E779813D2C49383F00E06F13 /* PBXTargetDependency */ = {
			isa = PBXTargetDependency;
			target = E739F3112C3EEBE7006184CD /* ImageFeed */;
			targetProxy = E779813C2C49383F00E06F13 /* PBXContainerItemProxy */;
		};
/* End PBXTargetDependency section */

/* Begin PBXVariantGroup section */
		E739F31B2C3EEBE7006184CD /* Main.storyboard */ = {
			isa = PBXVariantGroup;
			children = (
				E739F31C2C3EEBE7006184CD /* Base */,
			);
			name = Main.storyboard;
			sourceTree = "<group>";
		};
		E739F3202C3EEBE8006184CD /* LaunchScreen.storyboard */ = {
			isa = PBXVariantGroup;
			children = (
				E739F3212C3EEBE8006184CD /* Base */,
			);
			name = LaunchScreen.storyboard;
			sourceTree = "<group>";
		};
/* End PBXVariantGroup section */

/* Begin XCBuildConfiguration section */
		E739F3242C3EEBE8006184CD /* Debug */ = {
			isa = XCBuildConfiguration;
			buildSettings = {
				ALWAYS_SEARCH_USER_PATHS = NO;
				ASSETCATALOG_COMPILER_GENERATE_SWIFT_ASSET_SYMBOL_EXTENSIONS = YES;
				CLANG_ANALYZER_NONNULL = YES;
				CLANG_ANALYZER_NUMBER_OBJECT_CONVERSION = YES_AGGRESSIVE;
				CLANG_CXX_LANGUAGE_STANDARD = "gnu++20";
				CLANG_ENABLE_MODULES = YES;
				CLANG_ENABLE_OBJC_ARC = YES;
				CLANG_ENABLE_OBJC_WEAK = YES;
				CLANG_WARN_BLOCK_CAPTURE_AUTORELEASING = YES;
				CLANG_WARN_BOOL_CONVERSION = YES;
				CLANG_WARN_COMMA = YES;
				CLANG_WARN_CONSTANT_CONVERSION = YES;
				CLANG_WARN_DEPRECATED_OBJC_IMPLEMENTATIONS = YES;
				CLANG_WARN_DIRECT_OBJC_ISA_USAGE = YES_ERROR;
				CLANG_WARN_DOCUMENTATION_COMMENTS = YES;
				CLANG_WARN_EMPTY_BODY = YES;
				CLANG_WARN_ENUM_CONVERSION = YES;
				CLANG_WARN_INFINITE_RECURSION = YES;
				CLANG_WARN_INT_CONVERSION = YES;
				CLANG_WARN_NON_LITERAL_NULL_CONVERSION = YES;
				CLANG_WARN_OBJC_IMPLICIT_RETAIN_SELF = YES;
				CLANG_WARN_OBJC_LITERAL_CONVERSION = YES;
				CLANG_WARN_OBJC_ROOT_CLASS = YES_ERROR;
				CLANG_WARN_QUOTED_INCLUDE_IN_FRAMEWORK_HEADER = YES;
				CLANG_WARN_RANGE_LOOP_ANALYSIS = YES;
				CLANG_WARN_STRICT_PROTOTYPES = YES;
				CLANG_WARN_SUSPICIOUS_MOVE = YES;
				CLANG_WARN_UNGUARDED_AVAILABILITY = YES_AGGRESSIVE;
				CLANG_WARN_UNREACHABLE_CODE = YES;
				CLANG_WARN__DUPLICATE_METHOD_MATCH = YES;
				COPY_PHASE_STRIP = NO;
				DEBUG_INFORMATION_FORMAT = dwarf;
				ENABLE_STRICT_OBJC_MSGSEND = YES;
				ENABLE_TESTABILITY = YES;
				ENABLE_USER_SCRIPT_SANDBOXING = YES;
				GCC_C_LANGUAGE_STANDARD = gnu17;
				GCC_DYNAMIC_NO_PIC = NO;
				GCC_NO_COMMON_BLOCKS = YES;
				GCC_OPTIMIZATION_LEVEL = 0;
				GCC_PREPROCESSOR_DEFINITIONS = (
					"DEBUG=1",
					"$(inherited)",
				);
				GCC_WARN_64_TO_32_BIT_CONVERSION = YES;
				GCC_WARN_ABOUT_RETURN_TYPE = YES_ERROR;
				GCC_WARN_UNDECLARED_SELECTOR = YES;
				GCC_WARN_UNINITIALIZED_AUTOS = YES_AGGRESSIVE;
				GCC_WARN_UNUSED_FUNCTION = YES;
				GCC_WARN_UNUSED_VARIABLE = YES;
				IPHONEOS_DEPLOYMENT_TARGET = 17.5;
				LOCALIZATION_PREFERS_STRING_CATALOGS = YES;
				MTL_ENABLE_DEBUG_INFO = INCLUDE_SOURCE;
				MTL_FAST_MATH = YES;
				ONLY_ACTIVE_ARCH = YES;
				SDKROOT = iphoneos;
				SWIFT_ACTIVE_COMPILATION_CONDITIONS = "DEBUG $(inherited)";
				SWIFT_OPTIMIZATION_LEVEL = "-Onone";
			};
			name = Debug;
		};
		E739F3252C3EEBE8006184CD /* Release */ = {
			isa = XCBuildConfiguration;
			buildSettings = {
				ALWAYS_SEARCH_USER_PATHS = NO;
				ASSETCATALOG_COMPILER_GENERATE_SWIFT_ASSET_SYMBOL_EXTENSIONS = YES;
				CLANG_ANALYZER_NONNULL = YES;
				CLANG_ANALYZER_NUMBER_OBJECT_CONVERSION = YES_AGGRESSIVE;
				CLANG_CXX_LANGUAGE_STANDARD = "gnu++20";
				CLANG_ENABLE_MODULES = YES;
				CLANG_ENABLE_OBJC_ARC = YES;
				CLANG_ENABLE_OBJC_WEAK = YES;
				CLANG_WARN_BLOCK_CAPTURE_AUTORELEASING = YES;
				CLANG_WARN_BOOL_CONVERSION = YES;
				CLANG_WARN_COMMA = YES;
				CLANG_WARN_CONSTANT_CONVERSION = YES;
				CLANG_WARN_DEPRECATED_OBJC_IMPLEMENTATIONS = YES;
				CLANG_WARN_DIRECT_OBJC_ISA_USAGE = YES_ERROR;
				CLANG_WARN_DOCUMENTATION_COMMENTS = YES;
				CLANG_WARN_EMPTY_BODY = YES;
				CLANG_WARN_ENUM_CONVERSION = YES;
				CLANG_WARN_INFINITE_RECURSION = YES;
				CLANG_WARN_INT_CONVERSION = YES;
				CLANG_WARN_NON_LITERAL_NULL_CONVERSION = YES;
				CLANG_WARN_OBJC_IMPLICIT_RETAIN_SELF = YES;
				CLANG_WARN_OBJC_LITERAL_CONVERSION = YES;
				CLANG_WARN_OBJC_ROOT_CLASS = YES_ERROR;
				CLANG_WARN_QUOTED_INCLUDE_IN_FRAMEWORK_HEADER = YES;
				CLANG_WARN_RANGE_LOOP_ANALYSIS = YES;
				CLANG_WARN_STRICT_PROTOTYPES = YES;
				CLANG_WARN_SUSPICIOUS_MOVE = YES;
				CLANG_WARN_UNGUARDED_AVAILABILITY = YES_AGGRESSIVE;
				CLANG_WARN_UNREACHABLE_CODE = YES;
				CLANG_WARN__DUPLICATE_METHOD_MATCH = YES;
				COPY_PHASE_STRIP = NO;
				DEBUG_INFORMATION_FORMAT = "dwarf-with-dsym";
				ENABLE_NS_ASSERTIONS = NO;
				ENABLE_STRICT_OBJC_MSGSEND = YES;
				ENABLE_USER_SCRIPT_SANDBOXING = YES;
				GCC_C_LANGUAGE_STANDARD = gnu17;
				GCC_NO_COMMON_BLOCKS = YES;
				GCC_WARN_64_TO_32_BIT_CONVERSION = YES;
				GCC_WARN_ABOUT_RETURN_TYPE = YES_ERROR;
				GCC_WARN_UNDECLARED_SELECTOR = YES;
				GCC_WARN_UNINITIALIZED_AUTOS = YES_AGGRESSIVE;
				GCC_WARN_UNUSED_FUNCTION = YES;
				GCC_WARN_UNUSED_VARIABLE = YES;
				IPHONEOS_DEPLOYMENT_TARGET = 17.5;
				LOCALIZATION_PREFERS_STRING_CATALOGS = YES;
				MTL_ENABLE_DEBUG_INFO = NO;
				MTL_FAST_MATH = YES;
				SDKROOT = iphoneos;
				SWIFT_COMPILATION_MODE = wholemodule;
				VALIDATE_PRODUCT = YES;
			};
			name = Release;
		};
		E739F3272C3EEBE8006184CD /* Debug */ = {
			isa = XCBuildConfiguration;
			buildSettings = {
				ASSETCATALOG_COMPILER_APPICON_NAME = AppIcon;
				ASSETCATALOG_COMPILER_GLOBAL_ACCENT_COLOR_NAME = AccentColor;
				CODE_SIGN_STYLE = Automatic;
				CURRENT_PROJECT_VERSION = 1;
				DEVELOPMENT_TEAM = 4FJ3N2LV78;
				GENERATE_INFOPLIST_FILE = YES;
				INFOPLIST_FILE = ImageFeed/Resources/Info.plist;
				INFOPLIST_KEY_UIApplicationSupportsIndirectInputEvents = YES;
				INFOPLIST_KEY_UILaunchStoryboardName = LaunchScreen;
				INFOPLIST_KEY_UIMainStoryboardFile = Main;
				INFOPLIST_KEY_UISupportedInterfaceOrientations = UIInterfaceOrientationPortrait;
				INFOPLIST_KEY_UISupportedInterfaceOrientations_iPad = "UIInterfaceOrientationLandscapeLeft UIInterfaceOrientationLandscapeRight";
				IPHONEOS_DEPLOYMENT_TARGET = 13.0;
				LD_RUNPATH_SEARCH_PATHS = (
					"$(inherited)",
					"@executable_path/Frameworks",
				);
				MARKETING_VERSION = 1.0;
				PRODUCT_BUNDLE_IDENTIFIER = "monk-dee.ImageFeed";
				PRODUCT_NAME = "$(TARGET_NAME)";
				SWIFT_EMIT_LOC_STRINGS = YES;
				SWIFT_VERSION = 5.0;
				TARGETED_DEVICE_FAMILY = 1;
			};
			name = Debug;
		};
		E739F3282C3EEBE8006184CD /* Release */ = {
			isa = XCBuildConfiguration;
			buildSettings = {
				ASSETCATALOG_COMPILER_APPICON_NAME = AppIcon;
				ASSETCATALOG_COMPILER_GLOBAL_ACCENT_COLOR_NAME = AccentColor;
				CODE_SIGN_STYLE = Automatic;
				CURRENT_PROJECT_VERSION = 1;
				DEVELOPMENT_TEAM = 4FJ3N2LV78;
				GENERATE_INFOPLIST_FILE = YES;
				INFOPLIST_FILE = ImageFeed/Resources/Info.plist;
				INFOPLIST_KEY_UIApplicationSupportsIndirectInputEvents = YES;
				INFOPLIST_KEY_UILaunchStoryboardName = LaunchScreen;
				INFOPLIST_KEY_UIMainStoryboardFile = Main;
				INFOPLIST_KEY_UISupportedInterfaceOrientations = UIInterfaceOrientationPortrait;
				INFOPLIST_KEY_UISupportedInterfaceOrientations_iPad = "UIInterfaceOrientationLandscapeLeft UIInterfaceOrientationLandscapeRight";
				IPHONEOS_DEPLOYMENT_TARGET = 13.0;
				LD_RUNPATH_SEARCH_PATHS = (
					"$(inherited)",
					"@executable_path/Frameworks",
				);
				MARKETING_VERSION = 1.0;
				PRODUCT_BUNDLE_IDENTIFIER = "monk-dee.ImageFeed";
				PRODUCT_NAME = "$(TARGET_NAME)";
				SWIFT_EMIT_LOC_STRINGS = YES;
				SWIFT_VERSION = 5.0;
				TARGETED_DEVICE_FAMILY = 1;
			};
			name = Release;
		};
		E779813F2C49383F00E06F13 /* Debug */ = {
			isa = XCBuildConfiguration;
			buildSettings = {
				BUNDLE_LOADER = "$(TEST_HOST)";
				CODE_SIGN_STYLE = Automatic;
				CURRENT_PROJECT_VERSION = 1;
				DEVELOPMENT_TEAM = 4FJ3N2LV78;
				GENERATE_INFOPLIST_FILE = YES;
				MARKETING_VERSION = 1.0;
				PRODUCT_BUNDLE_IDENTIFIER = "monk-dee.ImageFeedTests";
				PRODUCT_NAME = "$(TARGET_NAME)";
				SWIFT_EMIT_LOC_STRINGS = NO;
				SWIFT_VERSION = 5.0;
				TARGETED_DEVICE_FAMILY = "1,2";
				TEST_HOST = "$(BUILT_PRODUCTS_DIR)/ImageFeed.app/$(BUNDLE_EXECUTABLE_FOLDER_PATH)/ImageFeed";
			};
			name = Debug;
		};
		E77981402C49383F00E06F13 /* Release */ = {
			isa = XCBuildConfiguration;
			buildSettings = {
				BUNDLE_LOADER = "$(TEST_HOST)";
				CODE_SIGN_STYLE = Automatic;
				CURRENT_PROJECT_VERSION = 1;
				DEVELOPMENT_TEAM = 4FJ3N2LV78;
				GENERATE_INFOPLIST_FILE = YES;
				MARKETING_VERSION = 1.0;
				PRODUCT_BUNDLE_IDENTIFIER = "monk-dee.ImageFeedTests";
				PRODUCT_NAME = "$(TARGET_NAME)";
				SWIFT_EMIT_LOC_STRINGS = NO;
				SWIFT_VERSION = 5.0;
				TARGETED_DEVICE_FAMILY = "1,2";
				TEST_HOST = "$(BUILT_PRODUCTS_DIR)/ImageFeed.app/$(BUNDLE_EXECUTABLE_FOLDER_PATH)/ImageFeed";
			};
			name = Release;
		};
/* End XCBuildConfiguration section */

/* Begin XCConfigurationList section */
		E739F30D2C3EEBE7006184CD /* Build configuration list for PBXProject "ImageFeed" */ = {
			isa = XCConfigurationList;
			buildConfigurations = (
				E739F3242C3EEBE8006184CD /* Debug */,
				E739F3252C3EEBE8006184CD /* Release */,
			);
			defaultConfigurationIsVisible = 0;
			defaultConfigurationName = Release;
		};
		E739F3262C3EEBE8006184CD /* Build configuration list for PBXNativeTarget "ImageFeed" */ = {
			isa = XCConfigurationList;
			buildConfigurations = (
				E739F3272C3EEBE8006184CD /* Debug */,
				E739F3282C3EEBE8006184CD /* Release */,
			);
			defaultConfigurationIsVisible = 0;
			defaultConfigurationName = Release;
		};
		E779813E2C49383F00E06F13 /* Build configuration list for PBXNativeTarget "ImageFeedTests" */ = {
			isa = XCConfigurationList;
			buildConfigurations = (
				E779813F2C49383F00E06F13 /* Debug */,
				E77981402C49383F00E06F13 /* Release */,
			);
			defaultConfigurationIsVisible = 0;
			defaultConfigurationName = Release;
		};
/* End XCConfigurationList section */

/* Begin XCRemoteSwiftPackageReference section */
		E73F0DE02C4681840085F3FE /* XCRemoteSwiftPackageReference "ProgressHUD" */ = {
			isa = XCRemoteSwiftPackageReference;
			repositoryURL = "https://github.com/relatedcode/ProgressHUD";
			requirement = {
				kind = upToNextMajorVersion;
				minimumVersion = 14.1.3;
			};
		};
		E779811F2C4801A400E06F13 /* XCRemoteSwiftPackageReference "Kingfisher" */ = {
			isa = XCRemoteSwiftPackageReference;
			repositoryURL = "https://github.com/onevcat/Kingfisher";
			requirement = {
				kind = upToNextMajorVersion;
				minimumVersion = 7.12.0;
			};
		};
		E77981222C48401A00E06F13 /* XCRemoteSwiftPackageReference "SwiftKeychainWrapper" */ = {
			isa = XCRemoteSwiftPackageReference;
			repositoryURL = "https://github.com/jrendel/SwiftKeychainWrapper";
			requirement = {
				kind = upToNextMajorVersion;
				minimumVersion = 4.0.1;
			};
		};
/* End XCRemoteSwiftPackageReference section */

/* Begin XCSwiftPackageProductDependency section */
		E73F0DE12C4681840085F3FE /* ProgressHUD */ = {
			isa = XCSwiftPackageProductDependency;
			package = E73F0DE02C4681840085F3FE /* XCRemoteSwiftPackageReference "ProgressHUD" */;
			productName = ProgressHUD;
		};
		E77981202C4801A400E06F13 /* Kingfisher */ = {
			isa = XCSwiftPackageProductDependency;
			package = E779811F2C4801A400E06F13 /* XCRemoteSwiftPackageReference "Kingfisher" */;
			productName = Kingfisher;
		};
		E77981232C48401A00E06F13 /* SwiftKeychainWrapper */ = {
			isa = XCSwiftPackageProductDependency;
			package = E77981222C48401A00E06F13 /* XCRemoteSwiftPackageReference "SwiftKeychainWrapper" */;
			productName = SwiftKeychainWrapper;
		};
/* End XCSwiftPackageProductDependency section */
	};
	rootObject = E739F30A2C3EEBE7006184CD /* Project object */;
}
